
Microsoft Visual Studio Solution File, Format Version 12.00
# Visual Studio Version 17
VisualStudioVersion = 17.7.34202.233
MinimumVisualStudioVersion = 10.0.40219.1
Project("{FAE04EC0-301F-11D3-BF4B-00C04F79EFBC}") = "СargoTransportationProject", "СargoTransportationProject.csproj", "{636E61BC-71B6-4405-A922-755A963A4127}"
EndProject
Project("{FAE04EC0-301F-11D3-BF4B-00C04F79EFBC}") = "ModelViewSystem", "..\ModelViewSystem\ModelViewSystem.csproj", "{AFC19968-2F50-4A4F-87FA-3BD4418FD34C}"
EndProject
Project("{2150E333-8FDC-42A3-9474-1A3956D46DE8}") = "DDL", "DDL", "{15D92018-E647-4907-AFA7-F4B69A6B018C}"
EndProject
Project("{FAE04EC0-301F-11D3-BF4B-00C04F79EFBC}") = "DatabaseManagers", "..\DatabaseManagers\DatabaseManagers.csproj", "{0D6E4CF5-0C96-4927-87DE-F56ED7534329}"
EndProject
Project("{2150E333-8FDC-42A3-9474-1A3956D46DE8}") = "Main", "Main", "{C163BC1D-0A80-41F3-BB8D-4823D398F675}"
EndProject
Project("{2150E333-8FDC-42A3-9474-1A3956D46DE8}") = "Database", "Database", "{88E6B64E-06B1-4D60-9002-89BEF7E69C4D}"
EndProject
Project("{2150E333-8FDC-42A3-9474-1A3956D46DE8}") = "Engine", "Engine", "{A0F90346-C5D3-4D5D-A054-9993754BB129}"
EndProject
Project("{FAE04EC0-301F-11D3-BF4B-00C04F79EFBC}") = "AccessControlMenu", "..\AccessControlMenu\AccessControlMenu.csproj", "{DBBBD371-F17A-43A6-B1D7-BB3F2987A444}"
EndProject
Project("{FAE04EC0-301F-11D3-BF4B-00C04F79EFBC}") = "PasswordChangeMenu", "..\PasswordChangeMenu\PasswordChangeMenu.csproj", "{187F8B6E-0926-4DB5-850E-8EEF23E5B30E}"
EndProject
Project("{FAE04EC0-301F-11D3-BF4B-00C04F79EFBC}") = "DataExport", "..\DataExport\DataExport.csproj", "{7E8B1AB1-25A3-4862-88A6-D39D588E347A}"
EndProject
Project("{FAE04EC0-301F-11D3-BF4B-00C04F79EFBC}") = "BanksMenu", "..\BanksMenu\BanksMenu.csproj", "{0CF275C8-BEE6-4C74-8DBD-20F5AB067950}"
EndProject
Project("{FAE04EC0-301F-11D3-BF4B-00C04F79EFBC}") = "BrandsMenu", "..\BrandsMenu\BrandsMenu.csproj", "{73ACEA55-0A5B-41F4-BC38-8682965EDC6A}"
EndProject
Project("{FAE04EC0-301F-11D3-BF4B-00C04F79EFBC}") = "CargosMenu", "..\CargosMenu\CargosMenu.csproj", "{A4207453-0390-4311-9CBE-FCFD4A18F70B}"
EndProject
Project("{FAE04EC0-301F-11D3-BF4B-00C04F79EFBC}") = "UnitsMenu", "..\UnitsMenu\UnitsMenu.csproj", "{B51B13FA-5C8F-441B-A25A-F3CD68E4F14F}"
EndProject
Project("{FAE04EC0-301F-11D3-BF4B-00C04F79EFBC}") = "CategoriesMenu", "..\CategoriesMenu\CategoriesMenu.csproj", "{10B0EA72-9153-4A3E-A1B8-04B19A783581}"
EndProject
Project("{FAE04EC0-301F-11D3-BF4B-00C04F79EFBC}") = "ClassificationsMenu", "..\ClassificationsMenu\ClassificationsMenu.csproj", "{4549F50A-503D-4DDB-95F9-04F6CA74A992}"
EndProject
Project("{FAE04EC0-301F-11D3-BF4B-00C04F79EFBC}") = "VehiclesMenu", "..\VehiclesMenu\VehiclesMenu.csproj", "{7FC84BD7-B4F6-41C5-9E02-B9BFD279B084}"
EndProject
Project("{FAE04EC0-301F-11D3-BF4B-00C04F79EFBC}") = "CarModelsMenu", "..\CarModelsMenu\CarModelsMenu.csproj", "{BA24040F-EE5E-41F5-B68C-6183472D0E4A}"
EndProject
Project("{FAE04EC0-301F-11D3-BF4B-00C04F79EFBC}") = "DestinationsMenu", "..\DestinationsMenu\DestinationsMenu.csproj", "{AD98131E-57DE-4B57-A399-EA3BC68EA350}"
EndProject
Project("{FAE04EC0-301F-11D3-BF4B-00C04F79EFBC}") = "DriversMenu", "..\DriversMenu\DriversMenu.csproj", "{AA41CBEC-3B2B-44C4-9AB6-FC3C970CF4FE}"
EndProject
Project("{FAE04EC0-301F-11D3-BF4B-00C04F79EFBC}") = "IndividualsMenu", "..\IndividualsMenu\IndividualsMenu.csproj", "{7048641D-ABCD-40EB-842C-280D54ED77F7}"
EndProject
Project("{FAE04EC0-301F-11D3-BF4B-00C04F79EFBC}") = "EntityClientsMenu", "..\EntityClientsMenu\EntityClientsMenu.csproj", "{2BF28FF2-D7DA-45F3-9B38-6708E5838E09}"
EndProject
Project("{FAE04EC0-301F-11D3-BF4B-00C04F79EFBC}") = "CrewsMenu", "..\CrewsMenu\CrewsMenu.csproj", "{51AF0876-4709-4C3A-A242-93CB888A93B7}"
EndProject
Project("{FAE04EC0-301F-11D3-BF4B-00C04F79EFBC}") = "OrdersMenu", "..\OrdersMenu\OrdersMenu.csproj", "{21432674-DB21-49B2-BB8D-1DC408D85924}"
EndProject
Project("{FAE04EC0-301F-11D3-BF4B-00C04F79EFBC}") = "TripsMenu", "..\TripsMenu\TripsMenu.csproj", "{2E7CC817-E64A-481A-AF93-DBEAF73143D3}"
EndProject
Project("{FAE04EC0-301F-11D3-BF4B-00C04F79EFBC}") = "CargosInOrdersMenu", "..\CargosInOrdersMenu\CargosInOrdersMenu.csproj", "{1B4CF8B5-EE2D-4CB4-9405-B188A80944A9}"
EndProject
Project("{FAE04EC0-301F-11D3-BF4B-00C04F79EFBC}") = "AboutMenu", "..\AboutMenu\AboutMenu.csproj", "{0BB8E549-AB28-4E91-87CA-C1034A711DF3}"
EndProject
Global
	GlobalSection(SolutionConfigurationPlatforms) = preSolution
		Debug|Any CPU = Debug|Any CPU
		Release|Any CPU = Release|Any CPU
	EndGlobalSection
	GlobalSection(ProjectConfigurationPlatforms) = postSolution
		{636E61BC-71B6-4405-A922-755A963A4127}.Debug|Any CPU.ActiveCfg = Debug|Any CPU
		{636E61BC-71B6-4405-A922-755A963A4127}.Debug|Any CPU.Build.0 = Debug|Any CPU
		{636E61BC-71B6-4405-A922-755A963A4127}.Release|Any CPU.ActiveCfg = Release|Any CPU
		{636E61BC-71B6-4405-A922-755A963A4127}.Release|Any CPU.Build.0 = Release|Any CPU
		{AFC19968-2F50-4A4F-87FA-3BD4418FD34C}.Debug|Any CPU.ActiveCfg = Debug|Any CPU
		{AFC19968-2F50-4A4F-87FA-3BD4418FD34C}.Debug|Any CPU.Build.0 = Debug|Any CPU
		{AFC19968-2F50-4A4F-87FA-3BD4418FD34C}.Release|Any CPU.ActiveCfg = Release|Any CPU
		{AFC19968-2F50-4A4F-87FA-3BD4418FD34C}.Release|Any CPU.Build.0 = Release|Any CPU
		{0D6E4CF5-0C96-4927-87DE-F56ED7534329}.Debug|Any CPU.ActiveCfg = Debug|Any CPU
		{0D6E4CF5-0C96-4927-87DE-F56ED7534329}.Debug|Any CPU.Build.0 = Debug|Any CPU
		{0D6E4CF5-0C96-4927-87DE-F56ED7534329}.Release|Any CPU.ActiveCfg = Release|Any CPU
		{0D6E4CF5-0C96-4927-87DE-F56ED7534329}.Release|Any CPU.Build.0 = Release|Any CPU
		{DBBBD371-F17A-43A6-B1D7-BB3F2987A444}.Debug|Any CPU.ActiveCfg = Debug|Any CPU
		{DBBBD371-F17A-43A6-B1D7-BB3F2987A444}.Debug|Any CPU.Build.0 = Debug|Any CPU
		{DBBBD371-F17A-43A6-B1D7-BB3F2987A444}.Release|Any CPU.ActiveCfg = Release|Any CPU
		{DBBBD371-F17A-43A6-B1D7-BB3F2987A444}.Release|Any CPU.Build.0 = Release|Any CPU
		{187F8B6E-0926-4DB5-850E-8EEF23E5B30E}.Debug|Any CPU.ActiveCfg = Debug|Any CPU
		{187F8B6E-0926-4DB5-850E-8EEF23E5B30E}.Debug|Any CPU.Build.0 = Debug|Any CPU
		{187F8B6E-0926-4DB5-850E-8EEF23E5B30E}.Release|Any CPU.ActiveCfg = Release|Any CPU
		{187F8B6E-0926-4DB5-850E-8EEF23E5B30E}.Release|Any CPU.Build.0 = Release|Any CPU
		{7E8B1AB1-25A3-4862-88A6-D39D588E347A}.Debug|Any CPU.ActiveCfg = Debug|Any CPU
		{7E8B1AB1-25A3-4862-88A6-D39D588E347A}.Debug|Any CPU.Build.0 = Debug|Any CPU
		{7E8B1AB1-25A3-4862-88A6-D39D588E347A}.Release|Any CPU.ActiveCfg = Release|Any CPU
		{7E8B1AB1-25A3-4862-88A6-D39D588E347A}.Release|Any CPU.Build.0 = Release|Any CPU
		{0CF275C8-BEE6-4C74-8DBD-20F5AB067950}.Debug|Any CPU.ActiveCfg = Debug|Any CPU
		{0CF275C8-BEE6-4C74-8DBD-20F5AB067950}.Debug|Any CPU.Build.0 = Debug|Any CPU
		{0CF275C8-BEE6-4C74-8DBD-20F5AB067950}.Release|Any CPU.ActiveCfg = Release|Any CPU
		{0CF275C8-BEE6-4C74-8DBD-20F5AB067950}.Release|Any CPU.Build.0 = Release|Any CPU
		{73ACEA55-0A5B-41F4-BC38-8682965EDC6A}.Debug|Any CPU.ActiveCfg = Debug|Any CPU
		{73ACEA55-0A5B-41F4-BC38-8682965EDC6A}.Debug|Any CPU.Build.0 = Debug|Any CPU
		{73ACEA55-0A5B-41F4-BC38-8682965EDC6A}.Release|Any CPU.ActiveCfg = Release|Any CPU
		{73ACEA55-0A5B-41F4-BC38-8682965EDC6A}.Release|Any CPU.Build.0 = Release|Any CPU
		{A4207453-0390-4311-9CBE-FCFD4A18F70B}.Debug|Any CPU.ActiveCfg = Debug|Any CPU
		{A4207453-0390-4311-9CBE-FCFD4A18F70B}.Debug|Any CPU.Build.0 = Debug|Any CPU
		{A4207453-0390-4311-9CBE-FCFD4A18F70B}.Release|Any CPU.ActiveCfg = Release|Any CPU
		{A4207453-0390-4311-9CBE-FCFD4A18F70B}.Release|Any CPU.Build.0 = Release|Any CPU
		{B51B13FA-5C8F-441B-A25A-F3CD68E4F14F}.Debug|Any CPU.ActiveCfg = Debug|Any CPU
		{B51B13FA-5C8F-441B-A25A-F3CD68E4F14F}.Debug|Any CPU.Build.0 = Debug|Any CPU
		{B51B13FA-5C8F-441B-A25A-F3CD68E4F14F}.Release|Any CPU.ActiveCfg = Release|Any CPU
		{B51B13FA-5C8F-441B-A25A-F3CD68E4F14F}.Release|Any CPU.Build.0 = Release|Any CPU
		{10B0EA72-9153-4A3E-A1B8-04B19A783581}.Debug|Any CPU.ActiveCfg = Debug|Any CPU
		{10B0EA72-9153-4A3E-A1B8-04B19A783581}.Debug|Any CPU.Build.0 = Debug|Any CPU
		{10B0EA72-9153-4A3E-A1B8-04B19A783581}.Release|Any CPU.ActiveCfg = Release|Any CPU
		{10B0EA72-9153-4A3E-A1B8-04B19A783581}.Release|Any CPU.Build.0 = Release|Any CPU
		{4549F50A-503D-4DDB-95F9-04F6CA74A992}.Debug|Any CPU.ActiveCfg = Debug|Any CPU
		{4549F50A-503D-4DDB-95F9-04F6CA74A992}.Debug|Any CPU.Build.0 = Debug|Any CPU
		{4549F50A-503D-4DDB-95F9-04F6CA74A992}.Release|Any CPU.ActiveCfg = Release|Any CPU
		{4549F50A-503D-4DDB-95F9-04F6CA74A992}.Release|Any CPU.Build.0 = Release|Any CPU
		{7FC84BD7-B4F6-41C5-9E02-B9BFD279B084}.Debug|Any CPU.ActiveCfg = Debug|Any CPU
		{7FC84BD7-B4F6-41C5-9E02-B9BFD279B084}.Debug|Any CPU.Build.0 = Debug|Any CPU
		{7FC84BD7-B4F6-41C5-9E02-B9BFD279B084}.Release|Any CPU.ActiveCfg = Release|Any CPU
		{7FC84BD7-B4F6-41C5-9E02-B9BFD279B084}.Release|Any CPU.Build.0 = Release|Any CPU
		{BA24040F-EE5E-41F5-B68C-6183472D0E4A}.Debug|Any CPU.ActiveCfg = Debug|Any CPU
		{BA24040F-EE5E-41F5-B68C-6183472D0E4A}.Debug|Any CPU.Build.0 = Debug|Any CPU
		{BA24040F-EE5E-41F5-B68C-6183472D0E4A}.Release|Any CPU.ActiveCfg = Release|Any CPU
		{BA24040F-EE5E-41F5-B68C-6183472D0E4A}.Release|Any CPU.Build.0 = Release|Any CPU
		{AD98131E-57DE-4B57-A399-EA3BC68EA350}.Debug|Any CPU.ActiveCfg = Debug|Any CPU
		{AD98131E-57DE-4B57-A399-EA3BC68EA350}.Debug|Any CPU.Build.0 = Debug|Any CPU
		{AD98131E-57DE-4B57-A399-EA3BC68EA350}.Release|Any CPU.ActiveCfg = Release|Any CPU
		{AD98131E-57DE-4B57-A399-EA3BC68EA350}.Release|Any CPU.Build.0 = Release|Any CPU
		{AA41CBEC-3B2B-44C4-9AB6-FC3C970CF4FE}.Debug|Any CPU.ActiveCfg = Debug|Any CPU
		{AA41CBEC-3B2B-44C4-9AB6-FC3C970CF4FE}.Debug|Any CPU.Build.0 = Debug|Any CPU
		{AA41CBEC-3B2B-44C4-9AB6-FC3C970CF4FE}.Release|Any CPU.ActiveCfg = Release|Any CPU
		{AA41CBEC-3B2B-44C4-9AB6-FC3C970CF4FE}.Release|Any CPU.Build.0 = Release|Any CPU
		{7048641D-ABCD-40EB-842C-280D54ED77F7}.Debug|Any CPU.ActiveCfg = Debug|Any CPU
		{7048641D-ABCD-40EB-842C-280D54ED77F7}.Debug|Any CPU.Build.0 = Debug|Any CPU
		{7048641D-ABCD-40EB-842C-280D54ED77F7}.Release|Any CPU.ActiveCfg = Release|Any CPU
		{7048641D-ABCD-40EB-842C-280D54ED77F7}.Release|Any CPU.Build.0 = Release|Any CPU
		{2BF28FF2-D7DA-45F3-9B38-6708E5838E09}.Debug|Any CPU.ActiveCfg = Debug|Any CPU
		{2BF28FF2-D7DA-45F3-9B38-6708E5838E09}.Debug|Any CPU.Build.0 = Debug|Any CPU
		{2BF28FF2-D7DA-45F3-9B38-6708E5838E09}.Release|Any CPU.ActiveCfg = Release|Any CPU
		{2BF28FF2-D7DA-45F3-9B38-6708E5838E09}.Release|Any CPU.Build.0 = Release|Any CPU
		{51AF0876-4709-4C3A-A242-93CB888A93B7}.Debug|Any CPU.ActiveCfg = Debug|Any CPU
		{51AF0876-4709-4C3A-A242-93CB888A93B7}.Debug|Any CPU.Build.0 = Debug|Any CPU
		{51AF0876-4709-4C3A-A242-93CB888A93B7}.Release|Any CPU.ActiveCfg = Release|Any CPU
		{51AF0876-4709-4C3A-A242-93CB888A93B7}.Release|Any CPU.Build.0 = Release|Any CPU
		{21432674-DB21-49B2-BB8D-1DC408D85924}.Debug|Any CPU.ActiveCfg = Debug|Any CPU
		{21432674-DB21-49B2-BB8D-1DC408D85924}.Debug|Any CPU.Build.0 = Debug|Any CPU
		{21432674-DB21-49B2-BB8D-1DC408D85924}.Release|Any CPU.ActiveCfg = Release|Any CPU
		{21432674-DB21-49B2-BB8D-1DC408D85924}.Release|Any CPU.Build.0 = Release|Any CPU
		{2E7CC817-E64A-481A-AF93-DBEAF73143D3}.Debug|Any CPU.ActiveCfg = Debug|Any CPU
		{2E7CC817-E64A-481A-AF93-DBEAF73143D3}.Debug|Any CPU.Build.0 = Debug|Any CPU
		{2E7CC817-E64A-481A-AF93-DBEAF73143D3}.Release|Any CPU.ActiveCfg = Release|Any CPU
		{2E7CC817-E64A-481A-AF93-DBEAF73143D3}.Release|Any CPU.Build.0 = Release|Any CPU
		{1B4CF8B5-EE2D-4CB4-9405-B188A80944A9}.Debug|Any CPU.ActiveCfg = Debug|Any CPU
		{1B4CF8B5-EE2D-4CB4-9405-B188A80944A9}.Debug|Any CPU.Build.0 = Debug|Any CPU
		{1B4CF8B5-EE2D-4CB4-9405-B188A80944A9}.Release|Any CPU.ActiveCfg = Release|Any CPU
		{1B4CF8B5-EE2D-4CB4-9405-B188A80944A9}.Release|Any CPU.Build.0 = Release|Any CPU
		{0BB8E549-AB28-4E91-87CA-C1034A711DF3}.Debug|Any CPU.ActiveCfg = Debug|Any CPU
		{0BB8E549-AB28-4E91-87CA-C1034A711DF3}.Debug|Any CPU.Build.0 = Debug|Any CPU
		{0BB8E549-AB28-4E91-87CA-C1034A711DF3}.Release|Any CPU.ActiveCfg = Release|Any CPU
		{0BB8E549-AB28-4E91-87CA-C1034A711DF3}.Release|Any CPU.Build.0 = Release|Any CPU
	EndGlobalSection
	GlobalSection(SolutionProperties) = preSolution
		HideSolutionNode = FALSE
	EndGlobalSection
	GlobalSection(NestedProjects) = preSolution
		{636E61BC-71B6-4405-A922-755A963A4127} = {C163BC1D-0A80-41F3-BB8D-4823D398F675}
		{AFC19968-2F50-4A4F-87FA-3BD4418FD34C} = {A0F90346-C5D3-4D5D-A054-9993754BB129}
		{0D6E4CF5-0C96-4927-87DE-F56ED7534329} = {88E6B64E-06B1-4D60-9002-89BEF7E69C4D}
		{DBBBD371-F17A-43A6-B1D7-BB3F2987A444} = {15D92018-E647-4907-AFA7-F4B69A6B018C}
		{187F8B6E-0926-4DB5-850E-8EEF23E5B30E} = {15D92018-E647-4907-AFA7-F4B69A6B018C}
		{7E8B1AB1-25A3-4862-88A6-D39D588E347A} = {A0F90346-C5D3-4D5D-A054-9993754BB129}
		{0CF275C8-BEE6-4C74-8DBD-20F5AB067950} = {15D92018-E647-4907-AFA7-F4B69A6B018C}
		{73ACEA55-0A5B-41F4-BC38-8682965EDC6A} = {15D92018-E647-4907-AFA7-F4B69A6B018C}
		{A4207453-0390-4311-9CBE-FCFD4A18F70B} = {15D92018-E647-4907-AFA7-F4B69A6B018C}
		{B51B13FA-5C8F-441B-A25A-F3CD68E4F14F} = {15D92018-E647-4907-AFA7-F4B69A6B018C}
		{10B0EA72-9153-4A3E-A1B8-04B19A783581} = {15D92018-E647-4907-AFA7-F4B69A6B018C}
		{4549F50A-503D-4DDB-95F9-04F6CA74A992} = {15D92018-E647-4907-AFA7-F4B69A6B018C}
		{7FC84BD7-B4F6-41C5-9E02-B9BFD279B084} = {15D92018-E647-4907-AFA7-F4B69A6B018C}
		{BA24040F-EE5E-41F5-B68C-6183472D0E4A} = {15D92018-E647-4907-AFA7-F4B69A6B018C}
		{AD98131E-57DE-4B57-A399-EA3BC68EA350} = {15D92018-E647-4907-AFA7-F4B69A6B018C}
		{AA41CBEC-3B2B-44C4-9AB6-FC3C970CF4FE} = {15D92018-E647-4907-AFA7-F4B69A6B018C}
		{7048641D-ABCD-40EB-842C-280D54ED77F7} = {15D92018-E647-4907-AFA7-F4B69A6B018C}
		{2BF28FF2-D7DA-45F3-9B38-6708E5838E09} = {15D92018-E647-4907-AFA7-F4B69A6B018C}
		{51AF0876-4709-4C3A-A242-93CB888A93B7} = {15D92018-E647-4907-AFA7-F4B69A6B018C}
		{21432674-DB21-49B2-BB8D-1DC408D85924} = {15D92018-E647-4907-AFA7-F4B69A6B018C}
		{2E7CC817-E64A-481A-AF93-DBEAF73143D3} = {15D92018-E647-4907-AFA7-F4B69A6B018C}
		{1B4CF8B5-EE2D-4CB4-9405-B188A80944A9} = {15D92018-E647-4907-AFA7-F4B69A6B018C}
		{0BB8E549-AB28-4E91-87CA-C1034A711DF3} = {15D92018-E647-4907-AFA7-F4B69A6B018C}
	EndGlobalSection
	GlobalSection(ExtensibilityGlobals) = postSolution
		SolutionGuid = {BE25541B-CD77-495C-8BDB-E84275C1C381}
	EndGlobalSection
EndGlobal
